
Microsoft Visual Studio Solution File, Format Version 12.00
Project("{FAE04EC0-301F-11D3-BF4B-00C04F79EFBC}") = "AdvancedDataBinding", "AdvancedDataBinding\AdvancedDataBinding.csproj", "{CEC8F635-B121-40C3-BC6F-A842E41803BA}"
EndProject
Global
	GlobalSection(SolutionConfigurationPlatforms) = preSolution
		Debug|Any CPU = Debug|Any CPU
		Release|Any CPU = Release|Any CPU
	EndGlobalSection
	GlobalSection(ProjectConfigurationPlatforms) = postSolution
		{CEC8F635-B121-40C3-BC6F-A842E41803BA}.Debug|Any CPU.ActiveCfg = Debug|Any CPU
		{CEC8F635-B121-40C3-BC6F-A842E41803BA}.Debug|Any CPU.Build.0 = Debug|Any CPU
		{CEC8F635-B121-40C3-BC6F-A842E41803BA}.Release|Any CPU.ActiveCfg = Release|Any CPU
		{CEC8F635-B121-40C3-BC6F-A842E41803BA}.Release|Any CPU.Build.0 = Release|Any CPU
	EndGlobalSection
EndGlobal
